Microsoft Visual Studio Solution File, Format Version 12.00
# Visual Studio Version 17
VisualStudioVersion = 17.5.2.0
MinimumVisualStudioVersion = 10.0.40219.1
Project("{FAE04EC0-301F-11D3-BF4B-00C04F79EFBC}") = "DecisaoMultiplaMenu", "DecisaoMultiplaMenu.csproj", "{051A141F-0570-1E24-C727-FB88ECCAC00B}"
EndProject
Global
	GlobalSection(SolutionConfigurationPlatforms) = preSolution
		Debug|Any CPU = Debug|Any CPU
		Release|Any CPU = Release|Any CPU
	EndGlobalSection
	GlobalSection(ProjectConfigurationPlatforms) = postSolution
		{051A141F-0570-1E24-C727-FB88ECCAC00B}.Debug|Any CPU.ActiveCfg = Debug|Any CPU
		{051A141F-0570-1E24-C727-FB88ECCAC00B}.Debug|Any CPU.Build.0 = Debug|Any CPU
		{051A141F-0570-1E24-C727-FB88ECCAC00B}.Release|Any CPU.ActiveCfg = Release|Any CPU
		{051A141F-0570-1E24-C727-FB88ECCAC00B}.Release|Any CPU.Build.0 = Release|Any CPU
	EndGlobalSection
	GlobalSection(SolutionProperties) = preSolution
		HideSolutionNode = FALSE
	EndGlobalSection
	GlobalSection(ExtensibilityGlobals) = postSolution
		SolutionGuid = {757BC1B1-2C42-4385-90C4-9023A93DB33A}
	EndGlobalSection
EndGlobal
